
Microsoft Visual Studio Solution File, Format Version 12.00
# Visual Studio Version 16
VisualStudioVersion = 16.0.31019.35
MinimumVisualStudioVersion = 10.0.40219.1
Project("{FAE04EC0-301F-11D3-BF4B-00C04F79EFBC}") = "Resguardos", "Resguardos\Resguardos.csproj", "{1580B89C-CA3F-4FA6-AB61-78A34B79A4CC}"
EndProject
Global
	GlobalSection(SolutionConfigurationPlatforms) = preSolution
		Debug|Any CPU = Debug|Any CPU
		Release|Any CPU = Release|Any CPU
	EndGlobalSection
	GlobalSection(ProjectConfigurationPlatforms) = postSolution
		{1580B89C-CA3F-4FA6-AB61-78A34B79A4CC}.Debug|Any CPU.ActiveCfg = Debug|Any CPU
		{1580B89C-CA3F-4FA6-AB61-78A34B79A4CC}.Debug|Any CPU.Build.0 = Debug|Any CPU
		{1580B89C-CA3F-4FA6-AB61-78A34B79A4CC}.Release|Any CPU.ActiveCfg = Release|Any CPU
		{1580B89C-CA3F-4FA6-AB61-78A34B79A4CC}.Release|Any CPU.Build.0 = Release|Any CPU
	EndGlobalSection
	GlobalSection(SolutionProperties) = preSolution
		HideSolutionNode = FALSE
	EndGlobalSection
	GlobalSection(ExtensibilityGlobals) = postSolution
		SolutionGuid = {1CBCB8A5-9FF9-4ED9-9BFD-8A8BB291936A}
	EndGlobalSection
EndGlobal
